{
	"name": "vscode-debugadapter-testsupport",
	"version": "1.31.0",
	"lockfileVersion": 1,
	"requires": true,
	"dependencies": {
		"@types/node": {
			"version": "7.0.43",
			"resolved": "https://registry.npmjs.org/@types/node/-/node-7.0.43.tgz",
			"integrity": "sha512-7scYwwfHNppXvH/9JzakbVxk0o0QUILVk1Lv64GRaxwPuGpnF1QBiwdvhDpLcymb8BpomQL3KYoWKq3wUdDMhQ==",
			"dev": true
		},
		"typescript": {
			"version": "2.6.1",
			"resolved": "https://registry.npmjs.org/typescript/-/typescript-2.6.1.tgz",
			"integrity": "sha1-7znN6ierrAtQAkLWcmq5DgyEZjE=",
			"dev": true
		},
		"vscode-debugprotocol": {
			"version": "1.31.0",
			"resolved": "https://registry.npmjs.org/vscode-debugprotocol/-/vscode-debugprotocol-1.31.0.tgz",
			"integrity": "sha512-li8S5Z6eDoskVRxiGThaUSTw/WhevA6XcoprTZNvhwfqm1bLAb+bxqNPN6Qj2crh1XOEQOn5cL0DaZsDT2kxyQ=="
		}
	}
}
