{
	"name": "vscode-debugadapter-testsupport",
	"version": "1.51.0-pre.0",
	"lockfileVersion": 1,
	"requires": true,
	"dependencies": {
		"@types/node": {
			"version": "14.17.9",
			"resolved": "https://registry.npmjs.org/@types/node/-/node-14.17.9.tgz",
			"integrity": "sha512-CMjgRNsks27IDwI785YMY0KLt3co/c0cQ5foxHYv/shC2w8oOnVwz5Ubq1QG5KzrcW+AXk6gzdnxIkDnTvzu3g==",
			"dev": true
		},
		"typescript": {
			"version": "4.4.4",
			"resolved": "https://registry.npmjs.org/typescript/-/typescript-4.4.4.tgz",
			"integrity": "sha512-DqGhF5IKoBl8WNf8C1gu8q0xZSInh9j1kJJMqT3a94w1JzVaBU4EXOSMrz9yDqMT0xt3selp83fuFMQ0uzv6qA==",
			"dev": true
		},
		"vscode-debugprotocol": {
			"version": "1.51.0-pre.0",
			"resolved": "https://registry.npmjs.org/vscode-debugprotocol/-/vscode-debugprotocol-1.51.0-pre.0.tgz",
			"integrity": "sha512-zNGiYIKmZWvL8naCwJr3chS2YX3QwYAmsdr5qXdwLD75H40JJOmwnlaDFqLOCqNAIIT6rGYmR+6XVluwdcVT2w=="
		}
	}
}
