{
	"name": "vscode-debugadapter-testsupport",
	"version": "1.49.0",
	"lockfileVersion": 1,
	"requires": true,
	"dependencies": {
		"@types/node": {
			"version": "14.17.9",
			"resolved": "https://registry.npmjs.org/@types/node/-/node-14.17.9.tgz",
			"integrity": "sha512-CMjgRNsks27IDwI785YMY0KLt3co/c0cQ5foxHYv/shC2w8oOnVwz5Ubq1QG5KzrcW+AXk6gzdnxIkDnTvzu3g==",
			"dev": true
		},
		"typescript": {
			"version": "4.3.5",
			"resolved": "https://registry.npmjs.org/typescript/-/typescript-4.3.5.tgz",
			"integrity": "sha512-DqQgihaQ9cUrskJo9kIyW/+g0Vxsk8cDtZ52a3NGh0YNTfpUSArXSohyUGnvbPazEPLu398C0UxmKSOrPumUzA==",
			"dev": true
		},
		"vscode-debugprotocol": {
			"version": "1.49.0",
			"resolved": "https://registry.npmjs.org/vscode-debugprotocol/-/vscode-debugprotocol-1.49.0.tgz",
			"integrity": "sha512-3VkK3BmaqN+BGIq4lavWp9a2IC6VYgkWkkMQm6Sa5ACkhBF6ThJDrkP+/3rFE4G7F8+mM3f4bhhJhhMax2IPfg=="
		}
	}
}
