{
	"name": "vscode-debugadapter",
	"version": "1.25.0",
	"lockfileVersion": 1,
	"requires": true,
	"dependencies": {
		"@types/node": {
			"version": "7.0.43",
			"resolved": "https://registry.npmjs.org/@types/node/-/node-7.0.43.tgz",
			"integrity": "sha512-7scYwwfHNppXvH/9JzakbVxk0o0QUILVk1Lv64GRaxwPuGpnF1QBiwdvhDpLcymb8BpomQL3KYoWKq3wUdDMhQ==",
			"dev": true
		},
		"typescript": {
			"version": "2.6.1",
			"resolved": "https://registry.npmjs.org/typescript/-/typescript-2.6.1.tgz",
			"integrity": "sha1-7znN6ierrAtQAkLWcmq5DgyEZjE=",
			"dev": true
		},
		"vscode-debugprotocol": {
			"version": "1.25.0",
			"resolved": "https://registry.npmjs.org/vscode-debugprotocol/-/vscode-debugprotocol-1.25.0.tgz",
			"integrity": "sha512-e1EUy/5npqa0NlAwRCUu8A9LnVRf6tkwiPQcCLyUFCC9o2GxcAqH5Va4mqXDoxQ58ar3zODivKQeRb3z1KH7WA=="
		}
	}
}
