{
	"name": "vscode-debugadapter",
	"version": "1.28.0-pre.3",
	"lockfileVersion": 1,
	"requires": true,
	"dependencies": {
		"@types/node": {
			"version": "7.0.43",
			"resolved": "https://registry.npmjs.org/@types/node/-/node-7.0.43.tgz",
			"integrity": "sha512-7scYwwfHNppXvH/9JzakbVxk0o0QUILVk1Lv64GRaxwPuGpnF1QBiwdvhDpLcymb8BpomQL3KYoWKq3wUdDMhQ==",
			"dev": true
		},
		"typescript": {
			"version": "2.6.1",
			"resolved": "https://registry.npmjs.org/typescript/-/typescript-2.6.1.tgz",
			"integrity": "sha1-7znN6ierrAtQAkLWcmq5DgyEZjE=",
			"dev": true
		},
		"vscode-debugprotocol": {
			"version": "1.28.0-pre.2",
			"resolved": "https://registry.npmjs.org/vscode-debugprotocol/-/vscode-debugprotocol-1.28.0-pre.2.tgz",
			"integrity": "sha512-C9vXA8I2ce3ep9q8KlMIGLspzczOQ8Qceq0oWiFDYHMMbwVYIpsBfo013BPYBswmUuzJkGKLBMtCMSNhZyh1Nw=="
		},
		"vscode-uri": {
			"version": "1.0.1",
			"resolved": "https://registry.npmjs.org/vscode-uri/-/vscode-uri-1.0.1.tgz",
			"integrity": "sha1-Eahr7+rDxKo+wIYjZRo8gabQu8g="
		}
	}
}
